
Microsoft Visual Studio Solution File, Format Version 12.00
# Visual Studio Version 16
VisualStudioVersion = 16.0.31205.134
MinimumVisualStudioVersion = 10.0.40219.1
Project("{9A19103F-16F7-4668-BE54-9A1E7A4F7556}") = "UdemyAPI", "UdemyAPI\UdemyAPI.csproj", "{8114E275-DCB0-4DB8-99E7-A0C08F1E6258}"
EndProject
Global
	GlobalSection(SolutionConfigurationPlatforms) = preSolution
		Debug|Any CPU = Debug|Any CPU
		Release|Any CPU = Release|Any CPU
	EndGlobalSection
	GlobalSection(ProjectConfigurationPlatforms) = postSolution
		{8114E275-DCB0-4DB8-99E7-A0C08F1E6258}.Debug|Any CPU.ActiveCfg = Debug|Any CPU
		{8114E275-DCB0-4DB8-99E7-A0C08F1E6258}.Debug|Any CPU.Build.0 = Debug|Any CPU
		{8114E275-DCB0-4DB8-99E7-A0C08F1E6258}.Release|Any CPU.ActiveCfg = Release|Any CPU
		{8114E275-DCB0-4DB8-99E7-A0C08F1E6258}.Release|Any CPU.Build.0 = Release|Any CPU
	EndGlobalSection
	GlobalSection(SolutionProperties) = preSolution
		HideSolutionNode = FALSE
	EndGlobalSection
	GlobalSection(ExtensibilityGlobals) = postSolution
		SolutionGuid = {3D28F72E-88D7-4BAB-8116-74A48FBA5CA0}
	EndGlobalSection
EndGlobal
